// !$*UTF8*$!
{
	archiveVersion = 1;
	classes = {
	};
	objectVersion = 46;
	objects = {

/* Begin PBXBuildFile section */
		075121511BDFE5F000470227 /* main.m in Sources */ = {isa = PBXBuildFile; fileRef = 075121501BDFE5F000470227 /* main.m */; };
		075121541BDFE5F000470227 /* AppDelegate.m in Sources */ = {isa = PBXBuildFile; fileRef = 075121531BDFE5F000470227 /* AppDelegate.m */; };
		075121571BDFE5F000470227 /* ViewController.m in Sources */ = {isa = PBXBuildFile; fileRef = 075121561BDFE5F000470227 /* ViewController.m */; };
		0751215A1BDFE5F000470227 /* Main.storyboard in Resources */ = {isa = PBXBuildFile; fileRef = 075121581BDFE5F000470227 /* Main.storyboard */; };
		0751215C1BDFE5F000470227 /* Assets.xcassets in Resources */ = {isa = PBXBuildFile; fileRef = 0751215B1BDFE5F000470227 /* Assets.xcassets */; };
		0751215F1BDFE5F000470227 /* LaunchScreen.storyboard in Resources */ = {isa = PBXBuildFile; fileRef = 0751215D1BDFE5F000470227 /* LaunchScreen.storyboard */; };
		0751216A1BDFE5F000470227 /* FinalCMTests.m in Sources */ = {isa = PBXBuildFile; fileRef = 075121691BDFE5F000470227 /* FinalCMTests.m */; };
		075121751BDFE5F000470227 /* FinalCMUITests.m in Sources */ = {isa = PBXBuildFile; fileRef = 075121741BDFE5F000470227 /* FinalCMUITests.m */; };
		07E0B8E51BE3F63700DE5594 /* MapKit.framework in Frameworks */ = {isa = PBXBuildFile; fileRef = 07E0B8E41BE3F63700DE5594 /* MapKit.framework */; };
		07E0B8E71BE3F7E700DE5594 /* CoreLocation.framework in Frameworks */ = {isa = PBXBuildFile; fileRef = 07E0B8E61BE3F7E700DE5594 /* CoreLocation.framework */; };
		A91C1F761BE009A2003EF2FB /* ScannerViewController.swift in Sources */ = {isa = PBXBuildFile; fileRef = A91C1F751BE009A2003EF2FB /* ScannerViewController.swift */; };
		A91C1F781BE00C5F003EF2FB /* MapViewController.swift in Sources */ = {isa = PBXBuildFile; fileRef = A91C1F771BE00C5F003EF2FB /* MapViewController.swift */; };
		A91C1F7A1BE00C92003EF2FB /* ListaJuegosViewController.swift in Sources */ = {isa = PBXBuildFile; fileRef = A91C1F791BE00C92003EF2FB /* ListaJuegosViewController.swift */; };
		A91C1F7C1BE00CAF003EF2FB /* AhorcadoViewController.swift in Sources */ = {isa = PBXBuildFile; fileRef = A91C1F7B1BE00CAF003EF2FB /* AhorcadoViewController.swift */; };
		A93E4EF61BE28DFC00626B82 /* CoreImage.framework in Frameworks */ = {isa = PBXBuildFile; fileRef = A93E4EF51BE28DFC00626B82 /* CoreImage.framework */; };
		A93E4EF81BE28E0D00626B82 /* libstdc++.6.0.9.tbd in Frameworks */ = {isa = PBXBuildFile; fileRef = A93E4EF71BE28E0D00626B82 /* libstdc++.6.0.9.tbd */; };
		A94CB2591BEF9AEC0038F940 /* AhorcadoXMLParser.swift in Sources */ = {isa = PBXBuildFile; fileRef = A94CB2581BEF9AEC0038F940 /* AhorcadoXMLParser.swift */; };
		A94CB25B1BEFE6210038F940 /* AhorcadoModel.swift in Sources */ = {isa = PBXBuildFile; fileRef = A94CB25A1BEFE6210038F940 /* AhorcadoModel.swift */; };
/* End PBXBuildFile section */

/* Begin PBXContainerItemProxy section */
		075121661BDFE5F000470227 /* PBXContainerItemProxy */ = {
			isa = PBXContainerItemProxy;
			containerPortal = 075121441BDFE5F000470227 /* Project object */;
			proxyType = 1;
			remoteGlobalIDString = 0751214B1BDFE5F000470227;
			remoteInfo = FinalCM;
		};
		075121711BDFE5F000470227 /* PBXContainerItemProxy */ = {
			isa = PBXContainerItemProxy;
			containerPortal = 075121441BDFE5F000470227 /* Project object */;
			proxyType = 1;
			remoteGlobalIDString = 0751214B1BDFE5F000470227;
			remoteInfo = FinalCM;
		};
/* End PBXContainerItemProxy section */

/* Begin PBXFileReference section */
		0751214C1BDFE5F000470227 /* FinalCM.app */ = {isa = PBXFileReference; explicitFileType = wrapper.application; includeInIndex = 0; path = FinalCM.app; sourceTree = BUILT_PRODUCTS_DIR; };
		075121501BDFE5F000470227 /* main.m */ = {isa = PBXFileReference; lastKnownFileType = sourcecode.c.objc; path = main.m; sourceTree = "<group>"; };
		075121521BDFE5F000470227 /* AppDelegate.h */ = {isa = PBXFileReference; lastKnownFileType = sourcecode.c.h; path = AppDelegate.h; sourceTree = "<group>"; };
		075121531BDFE5F000470227 /* AppDelegate.m */ = {isa = PBXFileReference; lastKnownFileType = sourcecode.c.objc; path = AppDelegate.m; sourceTree = "<group>"; };
		075121551BDFE5F000470227 /* ViewController.h */ = {isa = PBXFileReference; lastKnownFileType = sourcecode.c.h; path = ViewController.h; sourceTree = "<group>"; };
		075121561BDFE5F000470227 /* ViewController.m */ = {isa = PBXFileReference; lastKnownFileType = sourcecode.c.objc; path = ViewController.m; sourceTree = "<group>"; };
		075121591BDFE5F000470227 /* Base */ = {isa = PBXFileReference; lastKnownFileType = file.storyboard; name = Base; path = Base.lproj/Main.storyboard; sourceTree = "<group>"; };
		0751215B1BDFE5F000470227 /* Assets.xcassets */ = {isa = PBXFileReference; lastKnownFileType = folder.assetcatalog; path = Assets.xcassets; sourceTree = "<group>"; };
		0751215E1BDFE5F000470227 /* Base */ = {isa = PBXFileReference; lastKnownFileType = file.storyboard; name = Base; path = Base.lproj/LaunchScreen.storyboard; sourceTree = "<group>"; };
		075121601BDFE5F000470227 /* Info.plist */ = {isa = PBXFileReference; lastKnownFileType = text.plist.xml; path = Info.plist; sourceTree = "<group>"; };
		075121651BDFE5F000470227 /* FinalCMTests.xctest */ = {isa = PBXFileReference; explicitFileType = wrapper.cfbundle; includeInIndex = 0; path = FinalCMTests.xctest; sourceTree = BUILT_PRODUCTS_DIR; };
		075121691BDFE5F000470227 /* FinalCMTests.m */ = {isa = PBXFileReference; lastKnownFileType = sourcecode.c.objc; path = FinalCMTests.m; sourceTree = "<group>"; };
		0751216B1BDFE5F000470227 /* Info.plist */ = {isa = PBXFileReference; lastKnownFileType = text.plist.xml; path = Info.plist; sourceTree = "<group>"; };
		075121701BDFE5F000470227 /* FinalCMUITests.xctest */ = {isa = PBXFileReference; explicitFileType = wrapper.cfbundle; includeInIndex = 0; path = FinalCMUITests.xctest; sourceTree = BUILT_PRODUCTS_DIR; };
		075121741BDFE5F000470227 /* FinalCMUITests.m */ = {isa = PBXFileReference; lastKnownFileType = sourcecode.c.objc; path = FinalCMUITests.m; sourceTree = "<group>"; };
		075121761BDFE5F000470227 /* Info.plist */ = {isa = PBXFileReference; lastKnownFileType = text.plist.xml; path = Info.plist; sourceTree = "<group>"; };
		07E0B8E41BE3F63700DE5594 /* MapKit.framework */ = {isa = PBXFileReference; lastKnownFileType = wrapper.framework; name = MapKit.framework; path = System/Library/Frameworks/MapKit.framework; sourceTree = SDKROOT; };
		07E0B8E61BE3F7E700DE5594 /* CoreLocation.framework */ = {isa = PBXFileReference; lastKnownFileType = wrapper.framework; name = CoreLocation.framework; path = System/Library/Frameworks/CoreLocation.framework; sourceTree = SDKROOT; };
		A91C1F741BE009A1003EF2FB /* FinalCM-Bridging-Header.h */ = {isa = PBXFileReference; lastKnownFileType = sourcecode.c.h; path = "FinalCM-Bridging-Header.h"; sourceTree = "<group>"; };
		A91C1F751BE009A2003EF2FB /* ScannerViewController.swift */ = {isa = PBXFileReference; fileEncoding = 4; lastKnownFileType = sourcecode.swift; path = ScannerViewController.swift; sourceTree = "<group>"; };
		A91C1F771BE00C5F003EF2FB /* MapViewController.swift */ = {isa = PBXFileReference; fileEncoding = 4; lastKnownFileType = sourcecode.swift; path = MapViewController.swift; sourceTree = "<group>"; };
		A91C1F791BE00C92003EF2FB /* ListaJuegosViewController.swift */ = {isa = PBXFileReference; fileEncoding = 4; lastKnownFileType = sourcecode.swift; path = ListaJuegosViewController.swift; sourceTree = "<group>"; };
		A91C1F7B1BE00CAF003EF2FB /* AhorcadoViewController.swift */ = {isa = PBXFileReference; fileEncoding = 4; lastKnownFileType = sourcecode.swift; path = AhorcadoViewController.swift; sourceTree = "<group>"; };
		A93E4EF31BE28DE800626B82 /* TesseractOCR.framework */ = {isa = PBXFileReference; lastKnownFileType = wrapper.framework; path = TesseractOCR.framework; sourceTree = "<group>"; };
		A93E4EF51BE28DFC00626B82 /* CoreImage.framework */ = {isa = PBXFileReference; lastKnownFileType = wrapper.framework; name = CoreImage.framework; path = System/Library/Frameworks/CoreImage.framework; sourceTree = SDKROOT; };
		A93E4EF71BE28E0D00626B82 /* libstdc++.6.0.9.tbd */ = {isa = PBXFileReference; lastKnownFileType = "sourcecode.text-based-dylib-definition"; name = "libstdc++.6.0.9.tbd"; path = "usr/lib/libstdc++.6.0.9.tbd"; sourceTree = SDKROOT; };
		A94CB2581BEF9AEC0038F940 /* AhorcadoXMLParser.swift */ = {isa = PBXFileReference; fileEncoding = 4; lastKnownFileType = sourcecode.swift; path = AhorcadoXMLParser.swift; sourceTree = "<group>"; };
		A94CB25A1BEFE6210038F940 /* AhorcadoModel.swift */ = {isa = PBXFileReference; fileEncoding = 4; lastKnownFileType = sourcecode.swift; path = AhorcadoModel.swift; sourceTree = "<group>"; };
/* End PBXFileReference section */

/* Begin PBXFrameworksBuildPhase section */
		075121491BDFE5F000470227 /* Frameworks */ = {
			isa = PBXFrameworksBuildPhase;
			buildActionMask = 2147483647;
			files = (
				07E0B8E71BE3F7E700DE5594 /* CoreLocation.framework in Frameworks */,
				07E0B8E51BE3F63700DE5594 /* MapKit.framework in Frameworks */,
				A93E4EF81BE28E0D00626B82 /* libstdc++.6.0.9.tbd in Frameworks */,
				A93E4EF61BE28DFC00626B82 /* CoreImage.framework in Frameworks */,
			);
			runOnlyForDeploymentPostprocessing = 0;
		};
		075121621BDFE5F000470227 /* Frameworks */ = {
			isa = PBXFrameworksBuildPhase;
			buildActionMask = 2147483647;
			files = (
			);
			runOnlyForDeploymentPostprocessing = 0;
		};
		0751216D1BDFE5F000470227 /* Frameworks */ = {
			isa = PBXFrameworksBuildPhase;
			buildActionMask = 2147483647;
			files = (
			);
			runOnlyForDeploymentPostprocessing = 0;
		};
/* End PBXFrameworksBuildPhase section */

/* Begin PBXGroup section */
		075121431BDFE5F000470227 = {
			isa = PBXGroup;
			children = (
				0751214E1BDFE5F000470227 /* FinalCM */,
				07850B401BE1C9B300CEC9A4 /* Frameworks */,
				075121681BDFE5F000470227 /* FinalCMTests */,
				075121731BDFE5F000470227 /* FinalCMUITests */,
				0751214D1BDFE5F000470227 /* Products */,
			);
			sourceTree = "<group>";
		};
		0751214D1BDFE5F000470227 /* Products */ = {
			isa = PBXGroup;
			children = (
				0751214C1BDFE5F000470227 /* FinalCM.app */,
				075121651BDFE5F000470227 /* FinalCMTests.xctest */,
				075121701BDFE5F000470227 /* FinalCMUITests.xctest */,
			);
			name = Products;
			sourceTree = "<group>";
		};
		0751214E1BDFE5F000470227 /* FinalCM */ = {
			isa = PBXGroup;
			children = (
				A91C1F771BE00C5F003EF2FB /* MapViewController.swift */,
				A91C1F791BE00C92003EF2FB /* ListaJuegosViewController.swift */,
				A91C1F751BE009A2003EF2FB /* ScannerViewController.swift */,
				A91C1F7B1BE00CAF003EF2FB /* AhorcadoViewController.swift */,
				A94CB25A1BEFE6210038F940 /* AhorcadoModel.swift */,
				A94CB2581BEF9AEC0038F940 /* AhorcadoXMLParser.swift */,
				075121521BDFE5F000470227 /* AppDelegate.h */,
				075121531BDFE5F000470227 /* AppDelegate.m */,
				075121551BDFE5F000470227 /* ViewController.h */,
				075121561BDFE5F000470227 /* ViewController.m */,
				075121581BDFE5F000470227 /* Main.storyboard */,
				0751215B1BDFE5F000470227 /* Assets.xcassets */,
				0751215D1BDFE5F000470227 /* LaunchScreen.storyboard */,
				075121601BDFE5F000470227 /* Info.plist */,
				0751214F1BDFE5F000470227 /* Supporting Files */,
				A91C1F741BE009A1003EF2FB /* FinalCM-Bridging-Header.h */,
			);
			path = FinalCM;
			sourceTree = "<group>";
		};
		0751214F1BDFE5F000470227 /* Supporting Files */ = {
			isa = PBXGroup;
			children = (
				075121501BDFE5F000470227 /* main.m */,
			);
			name = "Supporting Files";
			sourceTree = "<group>";
		};
		075121681BDFE5F000470227 /* FinalCMTests */ = {
			isa = PBXGroup;
			children = (
				075121691BDFE5F000470227 /* FinalCMTests.m */,
				0751216B1BDFE5F000470227 /* Info.plist */,
			);
			path = FinalCMTests;
			sourceTree = "<group>";
		};
		075121731BDFE5F000470227 /* FinalCMUITests */ = {
			isa = PBXGroup;
			children = (
				075121741BDFE5F000470227 /* FinalCMUITests.m */,
				075121761BDFE5F000470227 /* Info.plist */,
			);
			path = FinalCMUITests;
			sourceTree = "<group>";
		};
		07850B401BE1C9B300CEC9A4 /* Frameworks */ = {
			isa = PBXGroup;
			children = (
				07E0B8E61BE3F7E700DE5594 /* CoreLocation.framework */,
				07E0B8E41BE3F63700DE5594 /* MapKit.framework */,
				A93E4EF71BE28E0D00626B82 /* libstdc++.6.0.9.tbd */,
				A93E4EF51BE28DFC00626B82 /* CoreImage.framework */,
				A93E4EF31BE28DE800626B82 /* TesseractOCR.framework */,
			);
			name = Frameworks;
			sourceTree = "<group>";
		};
/* End PBXGroup section */

/* Begin PBXNativeTarget section */
		0751214B1BDFE5F000470227 /* FinalCM */ = {
			isa = PBXNativeTarget;
			buildConfigurationList = 075121791BDFE5F000470227 /* Build configuration list for PBXNativeTarget "FinalCM" */;
			buildPhases = (
				075121481BDFE5F000470227 /* Sources */,
				075121491BDFE5F000470227 /* Frameworks */,
				0751214A1BDFE5F000470227 /* Resources */,
			);
			buildRules = (
			);
			dependencies = (
			);
			name = FinalCM;
			productName = FinalCM;
			productReference = 0751214C1BDFE5F000470227 /* FinalCM.app */;
			productType = "com.apple.product-type.application";
		};
		075121641BDFE5F000470227 /* FinalCMTests */ = {
			isa = PBXNativeTarget;
			buildConfigurationList = 0751217C1BDFE5F000470227 /* Build configuration list for PBXNativeTarget "FinalCMTests" */;
			buildPhases = (
				075121611BDFE5F000470227 /* Sources */,
				075121621BDFE5F000470227 /* Frameworks */,
				075121631BDFE5F000470227 /* Resources */,
			);
			buildRules = (
			);
			dependencies = (
				075121671BDFE5F000470227 /* PBXTargetDependency */,
			);
			name = FinalCMTests;
			productName = FinalCMTests;
			productReference = 075121651BDFE5F000470227 /* FinalCMTests.xctest */;
			productType = "com.apple.product-type.bundle.unit-test";
		};
		0751216F1BDFE5F000470227 /* FinalCMUITests */ = {
			isa = PBXNativeTarget;
			buildConfigurationList = 0751217F1BDFE5F000470227 /* Build configuration list for PBXNativeTarget "FinalCMUITests" */;
			buildPhases = (
				0751216C1BDFE5F000470227 /* Sources */,
				0751216D1BDFE5F000470227 /* Frameworks */,
				0751216E1BDFE5F000470227 /* Resources */,
			);
			buildRules = (
			);
			dependencies = (
				075121721BDFE5F000470227 /* PBXTargetDependency */,
			);
			name = FinalCMUITests;
			productName = FinalCMUITests;
			productReference = 075121701BDFE5F000470227 /* FinalCMUITests.xctest */;
			productType = "com.apple.product-type.bundle.ui-testing";
		};
/* End PBXNativeTarget section */

/* Begin PBXProject section */
		075121441BDFE5F000470227 /* Project object */ = {
			isa = PBXProject;
			attributes = {
				LastSwiftUpdateCheck = 0710;
				LastUpgradeCheck = 0700;
				ORGANIZATIONNAME = "Abner Castro Aguilar";
				TargetAttributes = {
					0751214B1BDFE5F000470227 = {
						CreatedOnToolsVersion = 7.0.1;
						DevelopmentTeam = VZEP762WPU;
					};
					075121641BDFE5F000470227 = {
						CreatedOnToolsVersion = 7.0.1;
						TestTargetID = 0751214B1BDFE5F000470227;
					};
					0751216F1BDFE5F000470227 = {
						CreatedOnToolsVersion = 7.0.1;
						TestTargetID = 0751214B1BDFE5F000470227;
					};
				};
			};
			buildConfigurationList = 075121471BDFE5F000470227 /* Build configuration list for PBXProject "FinalCM" */;
			compatibilityVersion = "Xcode 3.2";
			developmentRegion = English;
			hasScannedForEncodings = 0;
			knownRegions = (
				en,
				Base,
			);
			mainGroup = 075121431BDFE5F000470227;
			productRefGroup = 0751214D1BDFE5F000470227 /* Products */;
			projectDirPath = "";
			projectRoot = "";
			targets = (
				0751214B1BDFE5F000470227 /* FinalCM */,
				075121641BDFE5F000470227 /* FinalCMTests */,
				0751216F1BDFE5F000470227 /* FinalCMUITests */,
			);
		};
/* End PBXProject section */

/* Begin PBXResourcesBuildPhase section */
		0751214A1BDFE5F000470227 /* Resources */ = {
			isa = PBXResourcesBuildPhase;
			buildActionMask = 2147483647;
			files = (
				0751215F1BDFE5F000470227 /* LaunchScreen.storyboard in Resources */,
				0751215C1BDFE5F000470227 /* Assets.xcassets in Resources */,
				0751215A1BDFE5F000470227 /* Main.storyboard in Resources */,
			);
			runOnlyForDeploymentPostprocessing = 0;
		};
		075121631BDFE5F000470227 /* Resources */ = {
			isa = PBXResourcesBuildPhase;
			buildActionMask = 2147483647;
			files = (
			);
			runOnlyForDeploymentPostprocessing = 0;
		};
		0751216E1BDFE5F000470227 /* Resources */ = {
			isa = PBXResourcesBuildPhase;
			buildActionMask = 2147483647;
			files = (
			);
			runOnlyForDeploymentPostprocessing = 0;
		};
/* End PBXResourcesBuildPhase section */

/* Begin PBXSourcesBuildPhase section */
		075121481BDFE5F000470227 /* Sources */ = {
			isa = PBXSourcesBuildPhase;
			buildActionMask = 2147483647;
			files = (
				075121571BDFE5F000470227 /* ViewController.m in Sources */,
				A94CB2591BEF9AEC0038F940 /* AhorcadoXMLParser.swift in Sources */,
				075121541BDFE5F000470227 /* AppDelegate.m in Sources */,
				075121511BDFE5F000470227 /* main.m in Sources */,
				A91C1F781BE00C5F003EF2FB /* MapViewController.swift in Sources */,
				A94CB25B1BEFE6210038F940 /* AhorcadoModel.swift in Sources */,
				A91C1F7C1BE00CAF003EF2FB /* AhorcadoViewController.swift in Sources */,
				A91C1F761BE009A2003EF2FB /* ScannerViewController.swift in Sources */,
				A91C1F7A1BE00C92003EF2FB /* ListaJuegosViewController.swift in Sources */,
			);
			runOnlyForDeploymentPostprocessing = 0;
		};
		075121611BDFE5F000470227 /* Sources */ = {
			isa = PBXSourcesBuildPhase;
			buildActionMask = 2147483647;
			files = (
				0751216A1BDFE5F000470227 /* FinalCMTests.m in Sources */,
			);
			runOnlyForDeploymentPostprocessing = 0;
		};
		0751216C1BDFE5F000470227 /* Sources */ = {
			isa = PBXSourcesBuildPhase;
			buildActionMask = 2147483647;
			files = (
				075121751BDFE5F000470227 /* FinalCMUITests.m in Sources */,
			);
			runOnlyForDeploymentPostprocessing = 0;
		};
/* End PBXSourcesBuildPhase section */

/* Begin PBXTargetDependency section */
		075121671BDFE5F000470227 /* PBXTargetDependency */ = {
			isa = PBXTargetDependency;
			target = 0751214B1BDFE5F000470227 /* FinalCM */;
			targetProxy = 075121661BDFE5F000470227 /* PBXContainerItemProxy */;
		};
		075121721BDFE5F000470227 /* PBXTargetDependency */ = {
			isa = PBXTargetDependency;
			target = 0751214B1BDFE5F000470227 /* FinalCM */;
			targetProxy = 075121711BDFE5F000470227 /* PBXContainerItemProxy */;
		};
/* End PBXTargetDependency section */

/* Begin PBXVariantGroup section */
		075121581BDFE5F000470227 /* Main.storyboard */ = {
			isa = PBXVariantGroup;
			children = (
				075121591BDFE5F000470227 /* Base */,
			);
			name = Main.storyboard;
			sourceTree = "<group>";
		};
		0751215D1BDFE5F000470227 /* LaunchScreen.storyboard */ = {
			isa = PBXVariantGroup;
			children = (
				0751215E1BDFE5F000470227 /* Base */,
			);
			name = LaunchScreen.storyboard;
			sourceTree = "<group>";
		};
/* End PBXVariantGroup section */

/* Begin XCBuildConfiguration section */
		075121771BDFE5F000470227 /* Debug */ = {
			isa = XCBuildConfiguration;
			buildSettings = {
				ALWAYS_SEARCH_USER_PATHS = NO;
				CLANG_CXX_LANGUAGE_STANDARD = "gnu++0x";
				CLANG_CXX_LIBRARY = "libc++";
				CLANG_ENABLE_MODULES = YES;
				CLANG_ENABLE_OBJC_ARC = YES;
				CLANG_WARN_BOOL_CONVERSION = YES;
				CLANG_WARN_CONSTANT_CONVERSION = YES;
				CLANG_WARN_DIRECT_OBJC_ISA_USAGE = YES_ERROR;
				CLANG_WARN_EMPTY_BODY = YES;
				CLANG_WARN_ENUM_CONVERSION = YES;
				CLANG_WARN_INT_CONVERSION = YES;
				CLANG_WARN_OBJC_ROOT_CLASS = YES_ERROR;
				CLANG_WARN_UNREACHABLE_CODE = YES;
				CLANG_WARN__DUPLICATE_METHOD_MATCH = YES;
				"CODE_SIGN_IDENTITY[sdk=iphoneos*]" = "iPhone Developer";
				COPY_PHASE_STRIP = NO;
				DEBUG_INFORMATION_FORMAT = dwarf;
				ENABLE_STRICT_OBJC_MSGSEND = YES;
				ENABLE_TESTABILITY = YES;
				GCC_C_LANGUAGE_STANDARD = gnu99;
				GCC_DYNAMIC_NO_PIC = NO;
				GCC_NO_COMMON_BLOCKS = YES;
				GCC_OPTIMIZATION_LEVEL = 0;
				GCC_PREPROCESSOR_DEFINITIONS = (
					"DEBUG=1",
					"$(inherited)",
				);
				GCC_WARN_64_TO_32_BIT_CONVERSION = YES;
				GCC_WARN_ABOUT_RETURN_TYPE = YES_ERROR;
				GCC_WARN_UNDECLARED_SELECTOR = YES;
				GCC_WARN_UNINITIALIZED_AUTOS = YES_AGGRESSIVE;
				GCC_WARN_UNUSED_FUNCTION = YES;
				GCC_WARN_UNUSED_VARIABLE = YES;
				IPHONEOS_DEPLOYMENT_TARGET = 9.0;
				MTL_ENABLE_DEBUG_INFO = YES;
				ONLY_ACTIVE_ARCH = YES;
				SDKROOT = iphoneos;
			};
			name = Debug;
		};
		075121781BDFE5F000470227 /* Release */ = {
			isa = XCBuildConfiguration;
			buildSettings = {
				ALWAYS_SEARCH_USER_PATHS = NO;
				CLANG_CXX_LANGUAGE_STANDARD = "gnu++0x";
				CLANG_CXX_LIBRARY = "libc++";
				CLANG_ENABLE_MODULES = YES;
				CLANG_ENABLE_OBJC_ARC = YES;
				CLANG_WARN_BOOL_CONVERSION = YES;
				CLANG_WARN_CONSTANT_CONVERSION = YES;
				CLANG_WARN_DIRECT_OBJC_ISA_USAGE = YES_ERROR;
				CLANG_WARN_EMPTY_BODY = YES;
				CLANG_WARN_ENUM_CONVERSION = YES;
				CLANG_WARN_INT_CONVERSION = YES;
				CLANG_WARN_OBJC_ROOT_CLASS = YES_ERROR;
				CLANG_WARN_UNREACHABLE_CODE = YES;
				CLANG_WARN__DUPLICATE_METHOD_MATCH = YES;
				"CODE_SIGN_IDENTITY[sdk=iphoneos*]" = "iPhone Developer";
				COPY_PHASE_STRIP = NO;
				DEBUG_INFORMATION_FORMAT = "dwarf-with-dsym";
				ENABLE_NS_ASSERTIONS = NO;
				ENABLE_STRICT_OBJC_MSGSEND = YES;
				GCC_C_LANGUAGE_STANDARD = gnu99;
				GCC_NO_COMMON_BLOCKS = YES;
				GCC_WARN_64_TO_32_BIT_CONVERSION = YES;
				GCC_WARN_ABOUT_RETURN_TYPE = YES_ERROR;
				GCC_WARN_UNDECLARED_SELECTOR = YES;
				GCC_WARN_UNINITIALIZED_AUTOS = YES_AGGRESSIVE;
				GCC_WARN_UNUSED_FUNCTION = YES;
				GCC_WARN_UNUSED_VARIABLE = YES;
				IPHONEOS_DEPLOYMENT_TARGET = 9.0;
				MTL_ENABLE_DEBUG_INFO = NO;
				SDKROOT = iphoneos;
				VALIDATE_PRODUCT = YES;
			};
			name = Release;
		};
		0751217A1BDFE5F000470227 /* Debug */ = {
			isa = XCBuildConfiguration;
			buildSettings = {
				ASSETCATALOG_COMPILER_APPICON_NAME = AppIcon;
				CLANG_ENABLE_MODULES = YES;
				CODE_SIGN_IDENTITY = "iPhone Developer";
				"CODE_SIGN_IDENTITY[sdk=iphoneos*]" = "iPhone Developer";
				FRAMEWORK_SEARCH_PATHS = (
					"$(inherited)",
					"$(PROJECT_DIR)",
				);
				INFOPLIST_FILE = FinalCM/Info.plist;
				LD_RUNPATH_SEARCH_PATHS = "$(inherited) @executable_path/Frameworks";
				OTHER_LDFLAGS = "-lstdc++";
				PRODUCT_BUNDLE_IDENTIFIER = abner.FinalCM;
				PRODUCT_NAME = "$(TARGET_NAME)";
				PROVISIONING_PROFILE = "";
				SWIFT_OBJC_BRIDGING_HEADER = "FinalCM/FinalCM-Bridging-Header.h";
				SWIFT_OPTIMIZATION_LEVEL = "-Onone";
			};
			name = Debug;
		};
		0751217B1BDFE5F000470227 /* Release */ = {
			isa = XCBuildConfiguration;
			buildSettings = {
				ASSETCATALOG_COMPILER_APPICON_NAME = AppIcon;
				CLANG_ENABLE_MODULES = YES;
				CODE_SIGN_IDENTITY = "iPhone Developer";
				"CODE_SIGN_IDENTITY[sdk=iphoneos*]" = "iPhone Developer";
				FRAMEWORK_SEARCH_PATHS = (
					"$(inherited)",
					"$(PROJECT_DIR)",
				);
				INFOPLIST_FILE = FinalCM/Info.plist;
				LD_RUNPATH_SEARCH_PATHS = "$(inherited) @executable_path/Frameworks";
				OTHER_LDFLAGS = "-lstdc++";
				PRODUCT_BUNDLE_IDENTIFIER = abner.FinalCM;
				PRODUCT_NAME = "$(TARGET_NAME)";
				PROVISIONING_PROFILE = "";
				SWIFT_OBJC_BRIDGING_HEADER = "FinalCM/FinalCM-Bridging-Header.h";
			};
			name = Release;
		};
		0751217D1BDFE5F000470227 /* Debug */ = {
			isa = XCBuildConfiguration;
			buildSettings = {
				BUNDLE_LOADER = "$(TEST_HOST)";
				INFOPLIST_FILE = FinalCMTests/Info.plist;
				LD_RUNPATH_SEARCH_PATHS = "$(inherited) @executable_path/Frameworks @loader_path/Frameworks";
				PRODUCT_BUNDLE_IDENTIFIER = abner.FinalCMTests;
				PRODUCT_NAME = "$(TARGET_NAME)";
				TEST_HOST = "$(BUILT_PRODUCTS_DIR)/FinalCM.app/FinalCM";
			};
			name = Debug;
		};
		0751217E1BDFE5F000470227 /* Release */ = {
			isa = XCBuildConfiguration;
			buildSettings = {
				BUNDLE_LOADER = "$(TEST_HOST)";
				INFOPLIST_FILE = FinalCMTests/Info.plist;
				LD_RUNPATH_SEARCH_PATHS = "$(inherited) @executable_path/Frameworks @loader_path/Frameworks";
				PRODUCT_BUNDLE_IDENTIFIER = abner.FinalCMTests;
				PRODUCT_NAME = "$(TARGET_NAME)";
				TEST_HOST = "$(BUILT_PRODUCTS_DIR)/FinalCM.app/FinalCM";
			};
			name = Release;
		};
		075121801BDFE5F000470227 /* Debug */ = {
			isa = XCBuildConfiguration;
			buildSettings = {
				INFOPLIST_FILE = FinalCMUITests/Info.plist;
				LD_RUNPATH_SEARCH_PATHS = "$(inherited) @executable_path/Frameworks @loader_path/Frameworks";
				PRODUCT_BUNDLE_IDENTIFIER = abner.FinalCMUITests;
				PRODUCT_NAME = "$(TARGET_NAME)";
				TEST_TARGET_NAME = FinalCM;
				USES_XCTRUNNER = YES;
			};
			name = Debug;
		};
		075121811BDFE5F000470227 /* Release */ = {
			isa = XCBuildConfiguration;
			buildSettings = {
				INFOPLIST_FILE = FinalCMUITests/Info.plist;
				LD_RUNPATH_SEARCH_PATHS = "$(inherited) @executable_path/Frameworks @loader_path/Frameworks";
				PRODUCT_BUNDLE_IDENTIFIER = abner.FinalCMUITests;
				PRODUCT_NAME = "$(TARGET_NAME)";
				TEST_TARGET_NAME = FinalCM;
				USES_XCTRUNNER = YES;
			};
			name = Release;
		};
/* End XCBuildConfiguration section */

/* Begin XCConfigurationList section */
		075121471BDFE5F000470227 /* Build configuration list for PBXProject "FinalCM" */ = {
			isa = XCConfigurationList;
			buildConfigurations = (
				075121771BDFE5F000470227 /* Debug */,
				075121781BDFE5F000470227 /* Release */,
			);
			defaultConfigurationIsVisible = 0;
			defaultConfigurationName = Release;
		};
		075121791BDFE5F000470227 /* Build configuration list for PBXNativeTarget "FinalCM" */ = {
			isa = XCConfigurationList;
			buildConfigurations = (
				0751217A1BDFE5F000470227 /* Debug */,
				0751217B1BDFE5F000470227 /* Release */,
			);
			defaultConfigurationIsVisible = 0;
			defaultConfigurationName = Release;
		};
		0751217C1BDFE5F000470227 /* Build configuration list for PBXNativeTarget "FinalCMTests" */ = {
			isa = XCConfigurationList;
			buildConfigurations = (
				0751217D1BDFE5F000470227 /* Debug */,
				0751217E1BDFE5F000470227 /* Release */,
			);
			defaultConfigurationIsVisible = 0;
			defaultConfigurationName = Release;
		};
		0751217F1BDFE5F000470227 /* Build configuration list for PBXNativeTarget "FinalCMUITests" */ = {
			isa = XCConfigurationList;
			buildConfigurations = (
				075121801BDFE5F000470227 /* Debug */,
				075121811BDFE5F000470227 /* Release */,
			);
			defaultConfigurationIsVisible = 0;
			defaultConfigurationName = Release;
		};
/* End XCConfigurationList section */
	};
	rootObject = 075121441BDFE5F000470227 /* Project object */;
}
